
Microsoft Visual Studio Solution File, Format Version 12.00
# Visual Studio 15
VisualStudioVersion = 15.0.28307.852
MinimumVisualStudioVersion = 10.0.40219.1
Project("{FAE04EC0-301F-11D3-BF4B-00C04F79EFBC}") = "Server", "Server\Server.csproj", "{E78BF4F3-5159-4291-A267-9F1C00AD9FA8}"
EndProject
Project("{FAE04EC0-301F-11D3-BF4B-00C04F79EFBC}") = "Client", "Client\Client.csproj", "{0CA5F091-1C5B-493C-A0D6-C7C46C4FFE42}"
EndProject
Project("{FAE04EC0-301F-11D3-BF4B-00C04F79EFBC}") = "Backend", "Backend\Backend.csproj", "{98CD27AE-05C2-43F8-80C2-6DB8E6768B47}"
EndProject
Global
	GlobalSection(SolutionConfigurationPlatforms) = preSolution
		Debug|Any CPU = Debug|Any CPU
		Release|Any CPU = Release|Any CPU
	EndGlobalSection
	GlobalSection(ProjectConfigurationPlatforms) = postSolution
		{E78BF4F3-5159-4291-A267-9F1C00AD9FA8}.Debug|Any CPU.ActiveCfg = Debug|Any CPU
		{E78BF4F3-5159-4291-A267-9F1C00AD9FA8}.Debug|Any CPU.Build.0 = Debug|Any CPU
		{E78BF4F3-5159-4291-A267-9F1C00AD9FA8}.Release|Any CPU.ActiveCfg = Release|Any CPU
		{E78BF4F3-5159-4291-A267-9F1C00AD9FA8}.Release|Any CPU.Build.0 = Release|Any CPU
		{0CA5F091-1C5B-493C-A0D6-C7C46C4FFE42}.Debug|Any CPU.ActiveCfg = Debug|Any CPU
		{0CA5F091-1C5B-493C-A0D6-C7C46C4FFE42}.Debug|Any CPU.Build.0 = Debug|Any CPU
		{0CA5F091-1C5B-493C-A0D6-C7C46C4FFE42}.Release|Any CPU.ActiveCfg = Release|Any CPU
		{0CA5F091-1C5B-493C-A0D6-C7C46C4FFE42}.Release|Any CPU.Build.0 = Release|Any CPU
		{98CD27AE-05C2-43F8-80C2-6DB8E6768B47}.Debug|Any CPU.ActiveCfg = Debug|Any CPU
		{98CD27AE-05C2-43F8-80C2-6DB8E6768B47}.Debug|Any CPU.Build.0 = Debug|Any CPU
		{98CD27AE-05C2-43F8-80C2-6DB8E6768B47}.Release|Any CPU.ActiveCfg = Release|Any CPU
		{98CD27AE-05C2-43F8-80C2-6DB8E6768B47}.Release|Any CPU.Build.0 = Release|Any CPU
	EndGlobalSection
	GlobalSection(SolutionProperties) = preSolution
		HideSolutionNode = FALSE
	EndGlobalSection
	GlobalSection(ExtensibilityGlobals) = postSolution
		SolutionGuid = {1275E0F3-83B1-475A-A107-8B90E315F6EE}
	EndGlobalSection
EndGlobal
